
Microsoft Visual Studio Solution File, Format Version 12.00
# Visual Studio 14
VisualStudioVersion = 14.0.22823.1
MinimumVisualStudioVersion = 10.0.40219.1
Project("{FAE04EC0-301F-11D3-BF4B-00C04F79EFBC}") = "SPLogBeagle.Web", "SPLogBeagle.Web\SPLogBeagle.Web.csproj", "{AA4C50A8-B115-4A94-BCCC-0E64C501CC62}"
EndProject
Project("{FAE04EC0-301F-11D3-BF4B-00C04F79EFBC}") = "SPLogBeagle.Lib", "SPLogBeagle.Lib\SPLogBeagle.Lib.csproj", "{74F61E49-3526-41F5-BDC9-18F02953FF20}"
EndProject
Global
	GlobalSection(SolutionConfigurationPlatforms) = preSolution
		Debug|Any CPU = Debug|Any CPU
		Release|Any CPU = Release|Any CPU
	EndGlobalSection
	GlobalSection(ProjectConfigurationPlatforms) = postSolution
		{AA4C50A8-B115-4A94-BCCC-0E64C501CC62}.Debug|Any CPU.ActiveCfg = Debug|Any CPU
		{AA4C50A8-B115-4A94-BCCC-0E64C501CC62}.Debug|Any CPU.Build.0 = Debug|Any CPU
		{AA4C50A8-B115-4A94-BCCC-0E64C501CC62}.Release|Any CPU.ActiveCfg = Release|Any CPU
		{AA4C50A8-B115-4A94-BCCC-0E64C501CC62}.Release|Any CPU.Build.0 = Release|Any CPU
		{74F61E49-3526-41F5-BDC9-18F02953FF20}.Debug|Any CPU.ActiveCfg = Debug|Any CPU
		{74F61E49-3526-41F5-BDC9-18F02953FF20}.Debug|Any CPU.Build.0 = Debug|Any CPU
		{74F61E49-3526-41F5-BDC9-18F02953FF20}.Release|Any CPU.ActiveCfg = Release|Any CPU
		{74F61E49-3526-41F5-BDC9-18F02953FF20}.Release|Any CPU.Build.0 = Release|Any CPU
	EndGlobalSection
	GlobalSection(SolutionProperties) = preSolution
		HideSolutionNode = FALSE
	EndGlobalSection
EndGlobal
